
Microsoft Visual Studio Solution File, Format Version 12.00
# Visual Studio Version 16
VisualStudioVersion = 16.0.32106.194
MinimumVisualStudioVersion = 10.0.40219.1
Project("{FAE04EC0-301F-11D3-BF4B-00C04F79EFBC}") = "EPHARMA", "EPHARMA\EPHARMA.csproj", "{9AFE945D-1AB9-4C07-8DA4-D8413C85EB1B}"
EndProject
Global
	GlobalSection(SolutionConfigurationPlatforms) = preSolution
		Debug|Any CPU = Debug|Any CPU
		Release|Any CPU = Release|Any CPU
	EndGlobalSection
	GlobalSection(ProjectConfigurationPlatforms) = postSolution
		{9AFE945D-1AB9-4C07-8DA4-D8413C85EB1B}.Debug|Any CPU.ActiveCfg = Debug|Any CPU
		{9AFE945D-1AB9-4C07-8DA4-D8413C85EB1B}.Debug|Any CPU.Build.0 = Debug|Any CPU
		{9AFE945D-1AB9-4C07-8DA4-D8413C85EB1B}.Release|Any CPU.ActiveCfg = Release|Any CPU
		{9AFE945D-1AB9-4C07-8DA4-D8413C85EB1B}.Release|Any CPU.Build.0 = Release|Any CPU
	EndGlobalSection
	GlobalSection(SolutionProperties) = preSolution
		HideSolutionNode = FALSE
	EndGlobalSection
	GlobalSection(ExtensibilityGlobals) = postSolution
		SolutionGuid = {F1005B52-00EF-4274-8D3D-1EAFD65CB676}
	EndGlobalSection
EndGlobal
